PODS:
  - Nimble (8.0.9)
  - Quick (2.2.1)
  - TextEditorView (0.1.0)

DEPENDENCIES:
  - Nimble (~> 8.0.7)
  - Quick (~> 2.2.0)
  - TextEditorView (from `../`)

SPEC REPOS:
  trunk:
    - Nimble
    - Quick

EXTERNAL SOURCES:
  TextEditorView:
    :path: "../"

SPEC CHECKSUMS:
  Nimble: 98b888285a615fd34f20e61753cf58ea1402bde4
  Quick: f5754d69b7013f5864c29aab9ae6f0c79c5bc200
  TextEditorView: 36393201d8073332fbb6f1307409cf5cdac1cfa4

PODFILE CHECKSUM: 5f28678499e9ce5ea2b26d0f274a7b9e0434fd48

COCOAPODS: 1.10.1
